
Microsoft Visual Studio Solution File, Format Version 12.00
# Visual Studio 15
VisualStudioVersion = 15.0.28307.329
MinimumVisualStudioVersion = 10.0.40219.1
Project("{FAE04EC0-301F-11D3-BF4B-00C04F79EFBC}") = "实验第六章", "实验第六章\实验第六章.csproj", "{7B3ED64B-0233-4E16-9550-64CD610D5320}"
EndProject
Project("{FAE04EC0-301F-11D3-BF4B-00C04F79EFBC}") = "XML文档查询", "XML文档查询\XML文档查询.csproj", "{674C595F-7003-436B-B023-E1777B38C243}"
EndProject
Global
	GlobalSection(SolutionConfigurationPlatforms) = preSolution
		Debug|Any CPU = Debug|Any CPU
		Release|Any CPU = Release|Any CPU
	EndGlobalSection
	GlobalSection(ProjectConfigurationPlatforms) = postSolution
		{7B3ED64B-0233-4E16-9550-64CD610D5320}.Debug|Any CPU.ActiveCfg = Debug|Any CPU
		{7B3ED64B-0233-4E16-9550-64CD610D5320}.Debug|Any CPU.Build.0 = Debug|Any CPU
		{7B3ED64B-0233-4E16-9550-64CD610D5320}.Release|Any CPU.ActiveCfg = Release|Any CPU
		{7B3ED64B-0233-4E16-9550-64CD610D5320}.Release|Any CPU.Build.0 = Release|Any CPU
		{674C595F-7003-436B-B023-E1777B38C243}.Debug|Any CPU.ActiveCfg = Debug|Any CPU
		{674C595F-7003-436B-B023-E1777B38C243}.Debug|Any CPU.Build.0 = Debug|Any CPU
		{674C595F-7003-436B-B023-E1777B38C243}.Release|Any CPU.ActiveCfg = Release|Any CPU
		{674C595F-7003-436B-B023-E1777B38C243}.Release|Any CPU.Build.0 = Release|Any CPU
	EndGlobalSection
	GlobalSection(SolutionProperties) = preSolution
		HideSolutionNode = FALSE
	EndGlobalSection
	GlobalSection(ExtensibilityGlobals) = postSolution
		SolutionGuid = {5C8CB0A1-8127-4496-A6A5-438BFE076913}
	EndGlobalSection
EndGlobal
